
Microsoft Visual Studio Solution File, Format Version 12.00
# Visual Studio 15
Project("{FAE04EC0-301F-11D3-BF4B-00C04F79EFBC}") = "Serialización", "Serialización.csproj", "{A8DD6D9C-C68C-46A7-BE92-131CBB47117E}"
EndProject
Global
	GlobalSection(SolutionConfigurationPlatforms) = preSolution
		Debug|anycpu = Debug|anycpu
		Release|anycpu = Release|anycpu
	EndGlobalSection
	GlobalSection(ProjectConfigurationPlatforms) = postSolution
		{A8DD6D9C-C68C-46A7-BE92-131CBB47117E}.Debug|anycpu.ActiveCfg = Debug|anycpu
		{A8DD6D9C-C68C-46A7-BE92-131CBB47117E}.Debug|anycpu.Build.0 = Debug|anycpu
		{A8DD6D9C-C68C-46A7-BE92-131CBB47117E}.Release|anycpu.ActiveCfg = Release|anycpu
		{A8DD6D9C-C68C-46A7-BE92-131CBB47117E}.Release|anycpu.Build.0 = Release|anycpu
	EndGlobalSection
EndGlobal
